
Microsoft Visual Studio Solution File, Format Version 12.00
Project("{FAE04EC0-301F-11D3-BF4B-00C04F79EFBC}") = "MicroservicesCrudManager.Core", "MicroservicesCrudManager.Core\MicroservicesCrudManager.Core.csproj", "{E926DB3B-6761-4D72-9C16-A2CFF25DF9BA}"
EndProject
Project("{2150E333-8FDC-42A3-9474-1A3956D46DE8}") = "Example", "Example", "{D54F9815-42B7-4725-AB51-78B7CD223B3A}"
EndProject
Project("{FAE04EC0-301F-11D3-BF4B-00C04F79EFBC}") = "WebApi", "WebApi\WebApi.csproj", "{D9EC91CC-5C17-4B81-BC08-41209A96A5D8}"
EndProject
Global
	GlobalSection(SolutionConfigurationPlatforms) = preSolution
		Debug|Any CPU = Debug|Any CPU
		Release|Any CPU = Release|Any CPU
	EndGlobalSection
	GlobalSection(ProjectConfigurationPlatforms) = postSolution
		{E926DB3B-6761-4D72-9C16-A2CFF25DF9BA}.Debug|Any CPU.ActiveCfg = Debug|Any CPU
		{E926DB3B-6761-4D72-9C16-A2CFF25DF9BA}.Debug|Any CPU.Build.0 = Debug|Any CPU
		{E926DB3B-6761-4D72-9C16-A2CFF25DF9BA}.Release|Any CPU.ActiveCfg = Release|Any CPU
		{E926DB3B-6761-4D72-9C16-A2CFF25DF9BA}.Release|Any CPU.Build.0 = Release|Any CPU
		{D9EC91CC-5C17-4B81-BC08-41209A96A5D8}.Debug|Any CPU.ActiveCfg = Debug|Any CPU
		{D9EC91CC-5C17-4B81-BC08-41209A96A5D8}.Debug|Any CPU.Build.0 = Debug|Any CPU
		{D9EC91CC-5C17-4B81-BC08-41209A96A5D8}.Release|Any CPU.ActiveCfg = Release|Any CPU
		{D9EC91CC-5C17-4B81-BC08-41209A96A5D8}.Release|Any CPU.Build.0 = Release|Any CPU
	EndGlobalSection
	GlobalSection(NestedProjects) = preSolution
		{D9EC91CC-5C17-4B81-BC08-41209A96A5D8} = {D54F9815-42B7-4725-AB51-78B7CD223B3A}
	EndGlobalSection
EndGlobal
